// !$*UTF8*$!
{
	archiveVersion = 1;
	classes = {
	};
	objectVersion = 55;
	objects = {

/* Begin PBXBuildFile section */
		F84B162D281AA6CE003DC647 /* CineCellViewModel.swift in Sources */ = {isa = PBXBuildFile; fileRef = F84B162C281AA6CE003DC647 /* CineCellViewModel.swift */; };
		F84B162F281ACDE6003DC647 /* ActorCellViewModel.swift in Sources */ = {isa = PBXBuildFile; fileRef = F84B162E281ACDE6003DC647 /* ActorCellViewModel.swift */; };
		F84B1631281AD161003DC647 /* PosterMovieViewModel.swift in Sources */ = {isa = PBXBuildFile; fileRef = F84B1630281AD161003DC647 /* PosterMovieViewModel.swift */; };
		F84B1633281AD4FD003DC647 /* MovieDetailHeaderViewModel.swift in Sources */ = {isa = PBXBuildFile; fileRef = F84B1632281AD4FD003DC647 /* MovieDetailHeaderViewModel.swift */; };
		F84B1639281AE802003DC647 /* Actor.swift in Sources */ = {isa = PBXBuildFile; fileRef = F84B1638281AE802003DC647 /* Actor.swift */; };
		F84B163B281AE9E5003DC647 /* CineCell.swift in Sources */ = {isa = PBXBuildFile; fileRef = F84B163A281AE9E5003DC647 /* CineCell.swift */; };
		F84B163D281AEBC8003DC647 /* Poster.swift in Sources */ = {isa = PBXBuildFile; fileRef = F84B163C281AEBC8003DC647 /* Poster.swift */; };
		F892D0C4281A81AF00F054D6 /* MovieDetailHeaderView.swift in Sources */ = {isa = PBXBuildFile; fileRef = F892D0C3281A81AF00F054D6 /* MovieDetailHeaderView.swift */; };
		F892D0C7281A852A00F054D6 /* Kingfisher in Frameworks */ = {isa = PBXBuildFile; productRef = F892D0C6281A852A00F054D6 /* Kingfisher */; };
		F894D57F2819C4C700ADA9CB /* PosterMovieView.swift in Sources */ = {isa = PBXBuildFile; fileRef = F894D57E2819C4C700ADA9CB /* PosterMovieView.swift */; };
		F89BBF542817FF5100F3C382 /* KitCineApp.swift in Sources */ = {isa = PBXBuildFile; fileRef = F89BBF532817FF5100F3C382 /* KitCineApp.swift */; };
		F89BBF562817FF5100F3C382 /* ContentView.swift in Sources */ = {isa = PBXBuildFile; fileRef = F89BBF552817FF5100F3C382 /* ContentView.swift */; };
		F89BBF582817FF5600F3C382 /* Assets.xcassets in Resources */ = {isa = PBXBuildFile; fileRef = F89BBF572817FF5600F3C382 /* Assets.xcassets */; };
		F89BBF5B2817FF5600F3C382 /* Preview Assets.xcassets in Resources */ = {isa = PBXBuildFile; fileRef = F89BBF5A2817FF5600F3C382 /* Preview Assets.xcassets */; };
		F89BBF622817FF8B00F3C382 /* CineCellView.swift in Sources */ = {isa = PBXBuildFile; fileRef = F89BBF612817FF8B00F3C382 /* CineCellView.swift */; };
		F89BBF6728182B7800F3C382 /* CircleProgressBarView.swift in Sources */ = {isa = PBXBuildFile; fileRef = F89BBF6628182B7800F3C382 /* CircleProgressBarView.swift */; };
		F89BBF6928183FC600F3C382 /* ActorCellView.swift in Sources */ = {isa = PBXBuildFile; fileRef = F89BBF6828183FC600F3C382 /* ActorCellView.swift */; };
/* End PBXBuildFile section */

/* Begin PBXFileReference section */
		F84B162C281AA6CE003DC647 /* CineCellViewModel.swift */ = {isa = PBXFileReference; lastKnownFileType = sourcecode.swift; path = CineCellViewModel.swift; sourceTree = "<group>"; };
		F84B162E281ACDE6003DC647 /* ActorCellViewModel.swift */ = {isa = PBXFileReference; lastKnownFileType = sourcecode.swift; path = ActorCellViewModel.swift; sourceTree = "<group>"; };
		F84B1630281AD161003DC647 /* PosterMovieViewModel.swift */ = {isa = PBXFileReference; lastKnownFileType = sourcecode.swift; path = PosterMovieViewModel.swift; sourceTree = "<group>"; };
		F84B1632281AD4FD003DC647 /* MovieDetailHeaderViewModel.swift */ = {isa = PBXFileReference; lastKnownFileType = sourcecode.swift; path = MovieDetailHeaderViewModel.swift; sourceTree = "<group>"; };
		F84B1638281AE802003DC647 /* Actor.swift */ = {isa = PBXFileReference; lastKnownFileType = sourcecode.swift; path = Actor.swift; sourceTree = "<group>"; };
		F84B163A281AE9E5003DC647 /* CineCell.swift */ = {isa = PBXFileReference; lastKnownFileType = sourcecode.swift; path = CineCell.swift; sourceTree = "<group>"; };
		F84B163C281AEBC8003DC647 /* Poster.swift */ = {isa = PBXFileReference; lastKnownFileType = sourcecode.swift; path = Poster.swift; sourceTree = "<group>"; };
		F892D0C3281A81AF00F054D6 /* MovieDetailHeaderView.swift */ = {isa = PBXFileReference; lastKnownFileType = sourcecode.swift; path = MovieDetailHeaderView.swift; sourceTree = "<group>"; };
		F894D57E2819C4C700ADA9CB /* PosterMovieView.swift */ = {isa = PBXFileReference; lastKnownFileType = sourcecode.swift; path = PosterMovieView.swift; sourceTree = "<group>"; };
		F89BBF502817FF5100F3C382 /* KitCine.app */ = {isa = PBXFileReference; explicitFileType = wrapper.application; includeInIndex = 0; path = KitCine.app; sourceTree = BUILT_PRODUCTS_DIR; };
		F89BBF532817FF5100F3C382 /* KitCineApp.swift */ = {isa = PBXFileReference; lastKnownFileType = sourcecode.swift; path = KitCineApp.swift; sourceTree = "<group>"; };
		F89BBF552817FF5100F3C382 /* ContentView.swift */ = {isa = PBXFileReference; lastKnownFileType = sourcecode.swift; path = ContentView.swift; sourceTree = "<group>"; };
		F89BBF572817FF5600F3C382 /* Assets.xcassets */ = {isa = PBXFileReference; lastKnownFileType = folder.assetcatalog; path = Assets.xcassets; sourceTree = "<group>"; };
		F89BBF5A2817FF5600F3C382 /* Preview Assets.xcassets */ = {isa = PBXFileReference; lastKnownFileType = folder.assetcatalog; path = "Preview Assets.xcassets"; sourceTree = "<group>"; };
		F89BBF612817FF8B00F3C382 /* CineCellView.swift */ = {isa = PBXFileReference; lastKnownFileType = sourcecode.swift; path = CineCellView.swift; sourceTree = "<group>"; };
		F89BBF6628182B7800F3C382 /* CircleProgressBarView.swift */ = {isa = PBXFileReference; lastKnownFileType = sourcecode.swift; path = CircleProgressBarView.swift; sourceTree = "<group>"; };
		F89BBF6828183FC600F3C382 /* ActorCellView.swift */ = {isa = PBXFileReference; lastKnownFileType = sourcecode.swift; path = ActorCellView.swift; sourceTree = "<group>"; };
/* End PBXFileReference section */

/* Begin PBXFrameworksBuildPhase section */
		F89BBF4D2817FF5100F3C382 /* Frameworks */ = {
			isa = PBXFrameworksBuildPhase;
			buildActionMask = 2147483647;
			files = (
				F892D0C7281A852A00F054D6 /* Kingfisher in Frameworks */,
			);
			runOnlyForDeploymentPostprocessing = 0;
		};
/* End PBXFrameworksBuildPhase section */

/* Begin PBXGroup section */
		F84B1634281ADBD7003DC647 /* Views */ = {
			isa = PBXGroup;
			children = (
				F89BBF612817FF8B00F3C382 /* CineCellView.swift */,
				F89BBF6828183FC600F3C382 /* ActorCellView.swift */,
				F894D57E2819C4C700ADA9CB /* PosterMovieView.swift */,
				F892D0C3281A81AF00F054D6 /* MovieDetailHeaderView.swift */,
				F89BBF6628182B7800F3C382 /* CircleProgressBarView.swift */,
			);
			path = Views;
			sourceTree = "<group>";
		};
		F84B1635281ADC02003DC647 /* ViewModels */ = {
			isa = PBXGroup;
			children = (
				F84B162C281AA6CE003DC647 /* CineCellViewModel.swift */,
				F84B162E281ACDE6003DC647 /* ActorCellViewModel.swift */,
				F84B1630281AD161003DC647 /* PosterMovieViewModel.swift */,
				F84B1632281AD4FD003DC647 /* MovieDetailHeaderViewModel.swift */,
			);
			path = ViewModels;
			sourceTree = "<group>";
		};
		F84B1636281ADC22003DC647 /* App */ = {
			isa = PBXGroup;
			children = (
				F89BBF532817FF5100F3C382 /* KitCineApp.swift */,
				F89BBF552817FF5100F3C382 /* ContentView.swift */,
			);
			path = App;
			sourceTree = "<group>";
		};
		F84B1637281AE7D8003DC647 /* Models */ = {
			isa = PBXGroup;
			children = (
				F84B163A281AE9E5003DC647 /* CineCell.swift */,
				F84B1638281AE802003DC647 /* Actor.swift */,
				F84B163C281AEBC8003DC647 /* Poster.swift */,
			);
			path = Models;
			sourceTree = "<group>";
		};
		F89BBF472817FF5100F3C382 = {
			isa = PBXGroup;
			children = (
				F89BBF522817FF5100F3C382 /* KitCine */,
				F89BBF512817FF5100F3C382 /* Products */,
			);
			sourceTree = "<group>";
		};
		F89BBF512817FF5100F3C382 /* Products */ = {
			isa = PBXGroup;
			children = (
				F89BBF502817FF5100F3C382 /* KitCine.app */,
			);
			name = Products;
			sourceTree = "<group>";
		};
		F89BBF522817FF5100F3C382 /* KitCine */ = {
			isa = PBXGroup;
			children = (
				F84B1636281ADC22003DC647 /* App */,
				F89BBF572817FF5600F3C382 /* Assets.xcassets */,
				F89BBF592817FF5600F3C382 /* Preview Content */,
				F84B1634281ADBD7003DC647 /* Views */,
				F84B1635281ADC02003DC647 /* ViewModels */,
				F84B1637281AE7D8003DC647 /* Models */,
			);
			path = KitCine;
			sourceTree = "<group>";
		};
		F89BBF592817FF5600F3C382 /* Preview Content */ = {
			isa = PBXGroup;
			children = (
				F89BBF5A2817FF5600F3C382 /* Preview Assets.xcassets */,
			);
			path = "Preview Content";
			sourceTree = "<group>";
		};
/* End PBXGroup section */

/* Begin PBXNativeTarget section */
		F89BBF4F2817FF5100F3C382 /* KitCine */ = {
			isa = PBXNativeTarget;
			buildConfigurationList = F89BBF5E2817FF5600F3C382 /* Build configuration list for PBXNativeTarget "KitCine" */;
			buildPhases = (
				F89BBF4C2817FF5100F3C382 /* Sources */,
				F89BBF4D2817FF5100F3C382 /* Frameworks */,
				F89BBF4E2817FF5100F3C382 /* Resources */,
			);
			buildRules = (
			);
			dependencies = (
			);
			name = KitCine;
			packageProductDependencies = (
				F892D0C6281A852A00F054D6 /* Kingfisher */,
			);
			productName = KitCine;
			productReference = F89BBF502817FF5100F3C382 /* KitCine.app */;
			productType = "com.apple.product-type.application";
		};
/* End PBXNativeTarget section */

/* Begin PBXProject section */
		F89BBF482817FF5100F3C382 /* Project object */ = {
			isa = PBXProject;
			attributes = {
				BuildIndependentTargetsInParallel = 1;
				LastSwiftUpdateCheck = 1330;
				LastUpgradeCheck = 1330;
				TargetAttributes = {
					F89BBF4F2817FF5100F3C382 = {
						CreatedOnToolsVersion = 13.3.1;
					};
				};
			};
			buildConfigurationList = F89BBF4B2817FF5100F3C382 /* Build configuration list for PBXProject "KitCine" */;
			compatibilityVersion = "Xcode 13.0";
			developmentRegion = en;
			hasScannedForEncodings = 0;
			knownRegions = (
				en,
				Base,
			);
			mainGroup = F89BBF472817FF5100F3C382;
			packageReferences = (
				F892D0C5281A852A00F054D6 /* XCRemoteSwiftPackageReference "Kingfisher" */,
			);
			productRefGroup = F89BBF512817FF5100F3C382 /* Products */;
			projectDirPath = "";
			projectRoot = "";
			targets = (
				F89BBF4F2817FF5100F3C382 /* KitCine */,
			);
		};
/* End PBXProject section */

/* Begin PBXResourcesBuildPhase section */
		F89BBF4E2817FF5100F3C382 /* Resources */ = {
			isa = PBXResourcesBuildPhase;
			buildActionMask = 2147483647;
			files = (
				F89BBF5B2817FF5600F3C382 /* Preview Assets.xcassets in Resources */,
				F89BBF582817FF5600F3C382 /* Assets.xcassets in Resources */,
			);
			runOnlyForDeploymentPostprocessing = 0;
		};
/* End PBXResourcesBuildPhase section */

/* Begin PBXSourcesBuildPhase section */
		F89BBF4C2817FF5100F3C382 /* Sources */ = {
			isa = PBXSourcesBuildPhase;
			buildActionMask = 2147483647;
			files = (
				F84B163D281AEBC8003DC647 /* Poster.swift in Sources */,
				F89BBF562817FF5100F3C382 /* ContentView.swift in Sources */,
				F894D57F2819C4C700ADA9CB /* PosterMovieView.swift in Sources */,
				F892D0C4281A81AF00F054D6 /* MovieDetailHeaderView.swift in Sources */,
				F84B1639281AE802003DC647 /* Actor.swift in Sources */,
				F84B162F281ACDE6003DC647 /* ActorCellViewModel.swift in Sources */,
				F84B1631281AD161003DC647 /* PosterMovieViewModel.swift in Sources */,
				F89BBF6728182B7800F3C382 /* CircleProgressBarView.swift in Sources */,
				F89BBF542817FF5100F3C382 /* KitCineApp.swift in Sources */,
				F84B162D281AA6CE003DC647 /* CineCellViewModel.swift in Sources */,
				F84B1633281AD4FD003DC647 /* MovieDetailHeaderViewModel.swift in Sources */,
				F84B163B281AE9E5003DC647 /* CineCell.swift in Sources */,
				F89BBF622817FF8B00F3C382 /* CineCellView.swift in Sources */,
				F89BBF6928183FC600F3C382 /* ActorCellView.swift in Sources */,
			);
			runOnlyForDeploymentPostprocessing = 0;
		};
/* End PBXSourcesBuildPhase section */

/* Begin XCBuildConfiguration section */
		F89BBF5C2817FF5600F3C382 /* Debug */ = {
			isa = XCBuildConfiguration;
			buildSettings = {
				ALWAYS_SEARCH_USER_PATHS = NO;
				CLANG_ANALYZER_NONNULL = YES;
				CLANG_ANALYZER_NUMBER_OBJECT_CONVERSION = YES_AGGRESSIVE;
				CLANG_CXX_LANGUAGE_STANDARD = "gnu++17";
				CLANG_ENABLE_MODULES = YES;
				CLANG_ENABLE_OBJC_ARC = YES;
				CLANG_ENABLE_OBJC_WEAK = YES;
				CLANG_WARN_BLOCK_CAPTURE_AUTORELEASING = YES;
				CLANG_WARN_BOOL_CONVERSION = YES;
				CLANG_WARN_COMMA = YES;
				CLANG_WARN_CONSTANT_CONVERSION = YES;
				CLANG_WARN_DEPRECATED_OBJC_IMPLEMENTATIONS = YES;
				CLANG_WARN_DIRECT_OBJC_ISA_USAGE = YES_ERROR;
				CLANG_WARN_DOCUMENTATION_COMMENTS = YES;
				CLANG_WARN_EMPTY_BODY = YES;
				CLANG_WARN_ENUM_CONVERSION = YES;
				CLANG_WARN_INFINITE_RECURSION = YES;
				CLANG_WARN_INT_CONVERSION = YES;
				CLANG_WARN_NON_LITERAL_NULL_CONVERSION = YES;
				CLANG_WARN_OBJC_IMPLICIT_RETAIN_SELF = YES;
				CLANG_WARN_OBJC_LITERAL_CONVERSION = YES;
				CLANG_WARN_OBJC_ROOT_CLASS = YES_ERROR;
				CLANG_WARN_QUOTED_INCLUDE_IN_FRAMEWORK_HEADER = YES;
				CLANG_WARN_RANGE_LOOP_ANALYSIS = YES;
				CLANG_WARN_STRICT_PROTOTYPES = YES;
				CLANG_WARN_SUSPICIOUS_MOVE = YES;
				CLANG_WARN_UNGUARDED_AVAILABILITY = YES_AGGRESSIVE;
				CLANG_WARN_UNREACHABLE_CODE = YES;
				CLANG_WARN__DUPLICATE_METHOD_MATCH = YES;
				COPY_PHASE_STRIP = NO;
				DEBUG_INFORMATION_FORMAT = dwarf;
				ENABLE_STRICT_OBJC_MSGSEND = YES;
				ENABLE_TESTABILITY = YES;
				GCC_C_LANGUAGE_STANDARD = gnu11;
				GCC_DYNAMIC_NO_PIC = NO;
				GCC_NO_COMMON_BLOCKS = YES;
				GCC_OPTIMIZATION_LEVEL = 0;
				GCC_PREPROCESSOR_DEFINITIONS = (
					"DEBUG=1",
					"$(inherited)",
				);
				GCC_WARN_64_TO_32_BIT_CONVERSION = YES;
				GCC_WARN_ABOUT_RETURN_TYPE = YES_ERROR;
				GCC_WARN_UNDECLARED_SELECTOR = YES;
				GCC_WARN_UNINITIALIZED_AUTOS = YES_AGGRESSIVE;
				GCC_WARN_UNUSED_FUNCTION = YES;
				GCC_WARN_UNUSED_VARIABLE = YES;
				IPHONEOS_DEPLOYMENT_TARGET = 15.4;
				MTL_ENABLE_DEBUG_INFO = INCLUDE_SOURCE;
				MTL_FAST_MATH = YES;
				ONLY_ACTIVE_ARCH = YES;
				SDKROOT = iphoneos;
				SWIFT_ACTIVE_COMPILATION_CONDITIONS = DEBUG;
				SWIFT_OPTIMIZATION_LEVEL = "-Onone";
			};
			name = Debug;
		};
		F89BBF5D2817FF5600F3C382 /* Release */ = {
			isa = XCBuildConfiguration;
			buildSettings = {
				ALWAYS_SEARCH_USER_PATHS = NO;
				CLANG_ANALYZER_NONNULL = YES;
				CLANG_ANALYZER_NUMBER_OBJECT_CONVERSION = YES_AGGRESSIVE;
				CLANG_CXX_LANGUAGE_STANDARD = "gnu++17";
				CLANG_ENABLE_MODULES = YES;
				CLANG_ENABLE_OBJC_ARC = YES;
				CLANG_ENABLE_OBJC_WEAK = YES;
				CLANG_WARN_BLOCK_CAPTURE_AUTORELEASING = YES;
				CLANG_WARN_BOOL_CONVERSION = YES;
				CLANG_WARN_COMMA = YES;
				CLANG_WARN_CONSTANT_CONVERSION = YES;
				CLANG_WARN_DEPRECATED_OBJC_IMPLEMENTATIONS = YES;
				CLANG_WARN_DIRECT_OBJC_ISA_USAGE = YES_ERROR;
				CLANG_WARN_DOCUMENTATION_COMMENTS = YES;
				CLANG_WARN_EMPTY_BODY = YES;
				CLANG_WARN_ENUM_CONVERSION = YES;
				CLANG_WARN_INFINITE_RECURSION = YES;
				CLANG_WARN_INT_CONVERSION = YES;
				CLANG_WARN_NON_LITERAL_NULL_CONVERSION = YES;
				CLANG_WARN_OBJC_IMPLICIT_RETAIN_SELF = YES;
				CLANG_WARN_OBJC_LITERAL_CONVERSION = YES;
				CLANG_WARN_OBJC_ROOT_CLASS = YES_ERROR;
				CLANG_WARN_QUOTED_INCLUDE_IN_FRAMEWORK_HEADER = YES;
				CLANG_WARN_RANGE_LOOP_ANALYSIS = YES;
				CLANG_WARN_STRICT_PROTOTYPES = YES;
				CLANG_WARN_SUSPICIOUS_MOVE = YES;
				CLANG_WARN_UNGUARDED_AVAILABILITY = YES_AGGRESSIVE;
				CLANG_WARN_UNREACHABLE_CODE = YES;
				CLANG_WARN__DUPLICATE_METHOD_MATCH = YES;
				COPY_PHASE_STRIP = NO;
				DEBUG_INFORMATION_FORMAT = "dwarf-with-dsym";
				ENABLE_NS_ASSERTIONS = NO;
				ENABLE_STRICT_OBJC_MSGSEND = YES;
				GCC_C_LANGUAGE_STANDARD = gnu11;
				GCC_NO_COMMON_BLOCKS = YES;
				GCC_WARN_64_TO_32_BIT_CONVERSION = YES;
				GCC_WARN_ABOUT_RETURN_TYPE = YES_ERROR;
				GCC_WARN_UNDECLARED_SELECTOR = YES;
				GCC_WARN_UNINITIALIZED_AUTOS = YES_AGGRESSIVE;
				GCC_WARN_UNUSED_FUNCTION = YES;
				GCC_WARN_UNUSED_VARIABLE = YES;
				IPHONEOS_DEPLOYMENT_TARGET = 15.4;
				MTL_ENABLE_DEBUG_INFO = NO;
				MTL_FAST_MATH = YES;
				SDKROOT = iphoneos;
				SWIFT_COMPILATION_MODE = wholemodule;
				SWIFT_OPTIMIZATION_LEVEL = "-O";
				VALIDATE_PRODUCT = YES;
			};
			name = Release;
		};
		F89BBF5F2817FF5600F3C382 /* Debug */ = {
			isa = XCBuildConfiguration;
			buildSettings = {
				ASSETCATALOG_COMPILER_APPICON_NAME = AppIcon;
				ASSETCATALOG_COMPILER_GLOBAL_ACCENT_COLOR_NAME = AccentColor;
				CODE_SIGN_STYLE = Automatic;
				CURRENT_PROJECT_VERSION = 1;
				DEVELOPMENT_ASSET_PATHS = "\"KitCine/Preview Content\"";
				DEVELOPMENT_TEAM = KRUHW4V9N9;
				ENABLE_PREVIEWS = YES;
				GENERATE_INFOPLIST_FILE = YES;
				INFOPLIST_KEY_UIApplicationSceneManifest_Generation = YES;
				INFOPLIST_KEY_UIApplicationSupportsIndirectInputEvents = YES;
				INFOPLIST_KEY_UILaunchScreen_Generation = YES;
				INFOPLIST_KEY_UISupportedInterfaceOrientations = UIInterfaceOrientationPortrait;
				INFOPLIST_KEY_UISupportedInterfaceOrientations_iPad = "UIInterfaceOrientationPortrait UIInterfaceOrientationPortraitUpsideDown UIInterfaceOrientationLandscapeLeft UIInterfaceOrientationLandscapeRight";
				INFOPLIST_KEY_UISupportedInterfaceOrientations_iPhone = UIInterfaceOrientationPortrait;
				LD_RUNPATH_SEARCH_PATHS = (
					"$(inherited)",
					"@executable_path/Frameworks",
				);
				MARKETING_VERSION = 1.0;
				PRODUCT_BUNDLE_IDENTIFIER = com.KitCine;
				PRODUCT_NAME = "$(TARGET_NAME)";
				SWIFT_EMIT_LOC_STRINGS = YES;
				SWIFT_VERSION = 5.0;
				TARGETED_DEVICE_FAMILY = "1,2";
			};
			name = Debug;
		};
		F89BBF602817FF5600F3C382 /* Release */ = {
			isa = XCBuildConfiguration;
			buildSettings = {
				ASSETCATALOG_COMPILER_APPICON_NAME = AppIcon;
				ASSETCATALOG_COMPILER_GLOBAL_ACCENT_COLOR_NAME = AccentColor;
				CODE_SIGN_STYLE = Automatic;
				CURRENT_PROJECT_VERSION = 1;
				DEVELOPMENT_ASSET_PATHS = "\"KitCine/Preview Content\"";
				DEVELOPMENT_TEAM = KRUHW4V9N9;
				ENABLE_PREVIEWS = YES;
				GENERATE_INFOPLIST_FILE = YES;
				INFOPLIST_KEY_UIApplicationSceneManifest_Generation = YES;
				INFOPLIST_KEY_UIApplicationSupportsIndirectInputEvents = YES;
				INFOPLIST_KEY_UILaunchScreen_Generation = YES;
				INFOPLIST_KEY_UISupportedInterfaceOrientations = UIInterfaceOrientationPortrait;
				INFOPLIST_KEY_UISupportedInterfaceOrientations_iPad = "UIInterfaceOrientationPortrait UIInterfaceOrientationPortraitUpsideDown UIInterfaceOrientationLandscapeLeft UIInterfaceOrientationLandscapeRight";
				INFOPLIST_KEY_UISupportedInterfaceOrientations_iPhone = UIInterfaceOrientationPortrait;
				LD_RUNPATH_SEARCH_PATHS = (
					"$(inherited)",
					"@executable_path/Frameworks",
				);
				MARKETING_VERSION = 1.0;
				PRODUCT_BUNDLE_IDENTIFIER = com.KitCine;
				PRODUCT_NAME = "$(TARGET_NAME)";
				SWIFT_EMIT_LOC_STRINGS = YES;
				SWIFT_VERSION = 5.0;
				TARGETED_DEVICE_FAMILY = "1,2";
			};
			name = Release;
		};
/* End XCBuildConfiguration section */

/* Begin XCConfigurationList section */
		F89BBF4B2817FF5100F3C382 /* Build configuration list for PBXProject "KitCine" */ = {
			isa = XCConfigurationList;
			buildConfigurations = (
				F89BBF5C2817FF5600F3C382 /* Debug */,
				F89BBF5D2817FF5600F3C382 /* Release */,
			);
			defaultConfigurationIsVisible = 0;
			defaultConfigurationName = Release;
		};
		F89BBF5E2817FF5600F3C382 /* Build configuration list for PBXNativeTarget "KitCine" */ = {
			isa = XCConfigurationList;
			buildConfigurations = (
				F89BBF5F2817FF5600F3C382 /* Debug */,
				F89BBF602817FF5600F3C382 /* Release */,
			);
			defaultConfigurationIsVisible = 0;
			defaultConfigurationName = Release;
		};
/* End XCConfigurationList section */

/* Begin XCRemoteSwiftPackageReference section */
		F892D0C5281A852A00F054D6 /* XCRemoteSwiftPackageReference "Kingfisher" */ = {
			isa = XCRemoteSwiftPackageReference;
			repositoryURL = "https://github.com/onevcat/Kingfisher.git";
			requirement = {
				branch = master;
				kind = branch;
			};
		};
/* End XCRemoteSwiftPackageReference section */

/* Begin XCSwiftPackageProductDependency section */
		F892D0C6281A852A00F054D6 /* Kingfisher */ = {
			isa = XCSwiftPackageProductDependency;
			package = F892D0C5281A852A00F054D6 /* XCRemoteSwiftPackageReference "Kingfisher" */;
			productName = Kingfisher;
		};
/* End XCSwiftPackageProductDependency section */
	};
	rootObject = F89BBF482817FF5100F3C382 /* Project object */;
}
